{
  "name": "zerohour",
  "version": "1.0.0",
  "lockfileVersion": 1,
  "requires": true,
  "dependencies": {
    "tingle.js": {
      "version": "0.15.1",
      "resolved": "https://registry.npmjs.org/tingle.js/-/tingle.js-0.15.1.tgz",
      "integrity": "sha512-rmyQek+isXKn1P/B7Igool7jAQD7+r4C135d55XDbA7yUF1kk6T9nfEeoOkXMQvvnbYizVsoj2H+RSd0cXf1Qg=="
    }
  }
}
