{
  "name": "zerohour",
  "version": "1.0.0",
  "lockfileVersion": 1,
  "requires": true,
  "dependencies": {
    "timeto": {
      "version": "1.5.0",
      "resolved": "https://registry.npmjs.org/timeto/-/timeto-1.5.0.tgz",
      "integrity": "sha512-CM7HlNismBZ+x/vUKV850khd+cTfgpv0piQh6/AasBrdnHXHiN6uqYei9hg23k5ImA087RuFstp8hlNBBOQSpw=="
    },
    "tingle.js": {
      "version": "0.15.1",
      "resolved": "https://registry.npmjs.org/tingle.js/-/tingle.js-0.15.1.tgz",
      "integrity": "sha512-rmyQek+isXKn1P/B7Igool7jAQD7+r4C135d55XDbA7yUF1kk6T9nfEeoOkXMQvvnbYizVsoj2H+RSd0cXf1Qg=="
    }
  }
}
